{
  "name": "zerealpha",
  "version": "1.1.4",
  "lockfileVersion": 3,
  "requires": true,
  "packages": {
    "": {
      "name": "zerealpha",
      "version": "1.1.4",
      "license": "ISC",
      "dependencies": {
        "zerealpha": "^1.1.4"
      }
    },
    "node_modules/zerealpha": {
      "version": "1.1.4",
      "resolved": "https://registry.npmjs.org/zerealpha/-/zerealpha-1.1.4.tgz",
      "integrity": "sha512-GmZaxaTS3h1B694+DhzlN/WoEYiEtgnntAxZ6wVHeWyWPjzHAIt+RL1ia8XRZAZ3zvmYAXqIvTVud7o1htlPNQ=="
    }
  }
}
